
Microsoft Visual Studio Solution File, Format Version 12.00
# Visual Studio 15
VisualStudioVersion = 15.0.26730.10
MinimumVisualStudioVersion = 10.0.40219.1
Project("{FAE04EC0-301F-11D3-BF4B-00C04F79EFBC}") = "NamespaceFixer", "NamespaceFixer\NamespaceFixer.csproj", "{6C5D3AE5-03E4-4AF8-A02D-B15985E46101}"
EndProject
Global
	GlobalSection(SolutionConfigurationPlatforms) = preSolution
		Debug|Any CPU = Debug|Any CPU
		Release|Any CPU = Release|Any CPU
	EndGlobalSection
	GlobalSection(ProjectConfigurationPlatforms) = postSolution
		{6C5D3AE5-03E4-4AF8-A02D-B15985E46101}.Debug|Any CPU.ActiveCfg = Debug|Any CPU
		{6C5D3AE5-03E4-4AF8-A02D-B15985E46101}.Debug|Any CPU.Build.0 = Debug|Any CPU
		{6C5D3AE5-03E4-4AF8-A02D-B15985E46101}.Release|Any CPU.ActiveCfg = Release|Any CPU
		{6C5D3AE5-03E4-4AF8-A02D-B15985E46101}.Release|Any CPU.Build.0 = Release|Any CPU
	EndGlobalSection
	GlobalSection(SolutionProperties) = preSolution
		HideSolutionNode = FALSE
	EndGlobalSection
	GlobalSection(ExtensibilityGlobals) = postSolution
		SolutionGuid = {7E7806F8-9F8E-4AC8-BC2A-6F1DB4A3FA63}
	EndGlobalSection
EndGlobal
