
Microsoft Visual Studio Solution File, Format Version 12.00
# Visual Studio Version 16
VisualStudioVersion = 16.0.32002.261
MinimumVisualStudioVersion = 10.0.40219.1
Project("{FAE04EC0-301F-11D3-BF4B-00C04F79EFBC}") = "ConsoleApp.Test", "ConsoleApp.Test\ConsoleApp.Test.csproj", "{33B7CA5A-7218-4326-BE8E-266D72D2A7FE}"
EndProject
Global
	GlobalSection(SolutionConfigurationPlatforms) = preSolution
		Debug|Any CPU = Debug|Any CPU
		Release|Any CPU = Release|Any CPU
	EndGlobalSection
	GlobalSection(ProjectConfigurationPlatforms) = postSolution
		{33B7CA5A-7218-4326-BE8E-266D72D2A7FE}.Debug|Any CPU.ActiveCfg = Debug|Any CPU
		{33B7CA5A-7218-4326-BE8E-266D72D2A7FE}.Debug|Any CPU.Build.0 = Debug|Any CPU
		{33B7CA5A-7218-4326-BE8E-266D72D2A7FE}.Release|Any CPU.ActiveCfg = Release|Any CPU
		{33B7CA5A-7218-4326-BE8E-266D72D2A7FE}.Release|Any CPU.Build.0 = Release|Any CPU
	EndGlobalSection
	GlobalSection(SolutionProperties) = preSolution
		HideSolutionNode = FALSE
	EndGlobalSection
	GlobalSection(ExtensibilityGlobals) = postSolution
		SolutionGuid = {7637324C-A605-450B-8F88-BC8EE576E0D4}
	EndGlobalSection
EndGlobal
